
Microsoft Visual Studio Solution File, Format Version 12.00
# Visual Studio 15
VisualStudioVersion = 15.0.28307.902
MinimumVisualStudioVersion = 10.0.40219.1
Project("{FAE04EC0-301F-11D3-BF4B-00C04F79EFBC}") = "SideProject", "SideProject\SideProject.csproj", "{951AD0E6-1184-4100-8885-2168AD6742DA}"
EndProject
Global
	GlobalSection(SolutionConfigurationPlatforms) = preSolution
		Debug|Any CPU = Debug|Any CPU
		Release|Any CPU = Release|Any CPU
	EndGlobalSection
	GlobalSection(ProjectConfigurationPlatforms) = postSolution
		{951AD0E6-1184-4100-8885-2168AD6742DA}.Debug|Any CPU.ActiveCfg = Debug|Any CPU
		{951AD0E6-1184-4100-8885-2168AD6742DA}.Debug|Any CPU.Build.0 = Debug|Any CPU
		{951AD0E6-1184-4100-8885-2168AD6742DA}.Release|Any CPU.ActiveCfg = Release|Any CPU
		{951AD0E6-1184-4100-8885-2168AD6742DA}.Release|Any CPU.Build.0 = Release|Any CPU
	EndGlobalSection
	GlobalSection(SolutionProperties) = preSolution
		HideSolutionNode = FALSE
	EndGlobalSection
	GlobalSection(ExtensibilityGlobals) = postSolution
		SolutionGuid = {759B083A-4B66-4A35-820D-DBC4EEEA726C}
	EndGlobalSection
EndGlobal
